// !$*UTF8*$!
{
	archiveVersion = 1;
	classes = {
	};
	objectVersion = 55;
	objects = {

/* Begin PBXBuildFile section */
		D05F19AA26DFEDFD00472631 /* shark.mp4 in Resources */ = {isa = PBXBuildFile; fileRef = D05F19A626DFEDFC00472631 /* shark.mp4 */; };
		D05F19AB26DFEDFD00472631 /* bulletTrain.mp4 in Resources */ = {isa = PBXBuildFile; fileRef = D05F19A726DFEDFC00472631 /* bulletTrain.mp4 */; };
		D05F19AC26DFEDFD00472631 /* monkey.mp4 in Resources */ = {isa = PBXBuildFile; fileRef = D05F19A826DFEDFD00472631 /* monkey.mp4 */; };
		D05F19AD26DFEDFD00472631 /* newYorkFlip.mp4 in Resources */ = {isa = PBXBuildFile; fileRef = D05F19A926DFEDFD00472631 /* newYorkFlip.mp4 */; };
		D05F19B226DFEE2100472631 /* newYorkFlip-clip.mp4 in Resources */ = {isa = PBXBuildFile; fileRef = D05F19AE26DFEE2000472631 /* newYorkFlip-clip.mp4 */; };
		D05F19B326DFEE2100472631 /* shark-clip.mp4 in Resources */ = {isa = PBXBuildFile; fileRef = D05F19AF26DFEE2100472631 /* shark-clip.mp4 */; };
		D05F19B426DFEE2100472631 /* bulletTrain-clip.mp4 in Resources */ = {isa = PBXBuildFile; fileRef = D05F19B026DFEE2100472631 /* bulletTrain-clip.mp4 */; };
		D05F19B526DFEE2100472631 /* monkey-clip.mp4 in Resources */ = {isa = PBXBuildFile; fileRef = D05F19B126DFEE2100472631 /* monkey-clip.mp4 */; };
		D0FAF71326DEC175003520F6 /* SwiftUI_VideoPlayerApp.swift in Sources */ = {isa = PBXBuildFile; fileRef = D0FAF71226DEC175003520F6 /* SwiftUI_VideoPlayerApp.swift */; };
		D0FAF71526DEC175003520F6 /* VideoFeedView.swift in Sources */ = {isa = PBXBuildFile; fileRef = D0FAF71426DEC175003520F6 /* VideoFeedView.swift */; };
		D0FAF71726DEC178003520F6 /* Assets.xcassets in Resources */ = {isa = PBXBuildFile; fileRef = D0FAF71626DEC178003520F6 /* Assets.xcassets */; };
		D0FAF71A26DEC178003520F6 /* Preview Assets.xcassets in Resources */ = {isa = PBXBuildFile; fileRef = D0FAF71926DEC178003520F6 /* Preview Assets.xcassets */; };
		D0FAF72126DEC294003520F6 /* Video.swift in Sources */ = {isa = PBXBuildFile; fileRef = D0FAF72026DEC294003520F6 /* Video.swift */; };
		D0FAF72326DEC2DC003520F6 /* VideoRow.swift in Sources */ = {isa = PBXBuildFile; fileRef = D0FAF72226DEC2DC003520F6 /* VideoRow.swift */; };
		D0FAF72526DEC38C003520F6 /* ErrorView.swift in Sources */ = {isa = PBXBuildFile; fileRef = D0FAF72426DEC38B003520F6 /* ErrorView.swift */; };
		D0FAF72726DEC403003520F6 /* ReadJson.swift in Sources */ = {isa = PBXBuildFile; fileRef = D0FAF72626DEC403003520F6 /* ReadJson.swift */; };
		D0FAF72E26DEC6C4003520F6 /* RemoteVideos.json in Resources */ = {isa = PBXBuildFile; fileRef = D0FAF72B26DEC6C3003520F6 /* RemoteVideos.json */; };
		D0FAF72F26DEC6C4003520F6 /* LocalVideos.json in Resources */ = {isa = PBXBuildFile; fileRef = D0FAF72C26DEC6C4003520F6 /* LocalVideos.json */; };
		D0FAF73026DEC6C4003520F6 /* LocalVideoClips.json in Resources */ = {isa = PBXBuildFile; fileRef = D0FAF72D26DEC6C4003520F6 /* LocalVideoClips.json */; };
		D0FAF73226DEC71D003520F6 /* VideoClip.swift in Sources */ = {isa = PBXBuildFile; fileRef = D0FAF73126DEC71D003520F6 /* VideoClip.swift */; };
		D0FAF73426DEC787003520F6 /* LoopingPlayerView.swift in Sources */ = {isa = PBXBuildFile; fileRef = D0FAF73326DEC787003520F6 /* LoopingPlayerView.swift */; };
/* End PBXBuildFile section */

/* Begin PBXFileReference section */
		D05F19A626DFEDFC00472631 /* shark.mp4 */ = {isa = PBXFileReference; lastKnownFileType = file; path = shark.mp4; sourceTree = "<group>"; };
		D05F19A726DFEDFC00472631 /* bulletTrain.mp4 */ = {isa = PBXFileReference; lastKnownFileType = file; path = bulletTrain.mp4; sourceTree = "<group>"; };
		D05F19A826DFEDFD00472631 /* monkey.mp4 */ = {isa = PBXFileReference; lastKnownFileType = file; path = monkey.mp4; sourceTree = "<group>"; };
		D05F19A926DFEDFD00472631 /* newYorkFlip.mp4 */ = {isa = PBXFileReference; lastKnownFileType = file; path = newYorkFlip.mp4; sourceTree = "<group>"; };
		D05F19AE26DFEE2000472631 /* newYorkFlip-clip.mp4 */ = {isa = PBXFileReference; lastKnownFileType = file; path = "newYorkFlip-clip.mp4"; sourceTree = "<group>"; };
		D05F19AF26DFEE2100472631 /* shark-clip.mp4 */ = {isa = PBXFileReference; lastKnownFileType = file; path = "shark-clip.mp4"; sourceTree = "<group>"; };
		D05F19B026DFEE2100472631 /* bulletTrain-clip.mp4 */ = {isa = PBXFileReference; lastKnownFileType = file; path = "bulletTrain-clip.mp4"; sourceTree = "<group>"; };
		D05F19B126DFEE2100472631 /* monkey-clip.mp4 */ = {isa = PBXFileReference; lastKnownFileType = file; path = "monkey-clip.mp4"; sourceTree = "<group>"; };
		D0FAF70F26DEC175003520F6 /* SwiftUI-VideoPlayer.app */ = {isa = PBXFileReference; explicitFileType = wrapper.application; includeInIndex = 0; path = "SwiftUI-VideoPlayer.app"; sourceTree = BUILT_PRODUCTS_DIR; };
		D0FAF71226DEC175003520F6 /* SwiftUI_VideoPlayerApp.swift */ = {isa = PBXFileReference; lastKnownFileType = sourcecode.swift; path = SwiftUI_VideoPlayerApp.swift; sourceTree = "<group>"; };
		D0FAF71426DEC175003520F6 /* VideoFeedView.swift */ = {isa = PBXFileReference; lastKnownFileType = sourcecode.swift; path = VideoFeedView.swift; sourceTree = "<group>"; };
		D0FAF71626DEC178003520F6 /* Assets.xcassets */ = {isa = PBXFileReference; lastKnownFileType = folder.assetcatalog; path = Assets.xcassets; sourceTree = "<group>"; };
		D0FAF71926DEC178003520F6 /* Preview Assets.xcassets */ = {isa = PBXFileReference; lastKnownFileType = folder.assetcatalog; path = "Preview Assets.xcassets"; sourceTree = "<group>"; };
		D0FAF72026DEC294003520F6 /* Video.swift */ = {isa = PBXFileReference; fileEncoding = 4; lastKnownFileType = sourcecode.swift; path = Video.swift; sourceTree = "<group>"; };
		D0FAF72226DEC2DC003520F6 /* VideoRow.swift */ = {isa = PBXFileReference; lastKnownFileType = sourcecode.swift; path = VideoRow.swift; sourceTree = "<group>"; };
		D0FAF72426DEC38B003520F6 /* ErrorView.swift */ = {isa = PBXFileReference; lastKnownFileType = sourcecode.swift; path = ErrorView.swift; sourceTree = "<group>"; };
		D0FAF72626DEC403003520F6 /* ReadJson.swift */ = {isa = PBXFileReference; lastKnownFileType = sourcecode.swift; path = ReadJson.swift; sourceTree = "<group>"; };
		D0FAF72B26DEC6C3003520F6 /* RemoteVideos.json */ = {isa = PBXFileReference; fileEncoding = 4; lastKnownFileType = text.json; path = RemoteVideos.json; sourceTree = "<group>"; };
		D0FAF72C26DEC6C4003520F6 /* LocalVideos.json */ = {isa = PBXFileReference; fileEncoding = 4; lastKnownFileType = text.json; path = LocalVideos.json; sourceTree = "<group>"; };
		D0FAF72D26DEC6C4003520F6 /* LocalVideoClips.json */ = {isa = PBXFileReference; fileEncoding = 4; lastKnownFileType = text.json; path = LocalVideoClips.json; sourceTree = "<group>"; };
		D0FAF73126DEC71D003520F6 /* VideoClip.swift */ = {isa = PBXFileReference; fileEncoding = 4; lastKnownFileType = sourcecode.swift; path = VideoClip.swift; sourceTree = "<group>"; };
		D0FAF73326DEC787003520F6 /* LoopingPlayerView.swift */ = {isa = PBXFileReference; fileEncoding = 4; lastKnownFileType = sourcecode.swift; path = LoopingPlayerView.swift; sourceTree = "<group>"; };
/* End PBXFileReference section */

/* Begin PBXFrameworksBuildPhase section */
		D0FAF70C26DEC175003520F6 /* Frameworks */ = {
			isa = PBXFrameworksBuildPhase;
			buildActionMask = 2147483647;
			files = (
			);
			runOnlyForDeploymentPostprocessing = 0;
		};
/* End PBXFrameworksBuildPhase section */

/* Begin PBXGroup section */
		D05F19A426DFEDB900472631 /* Videos */ = {
			isa = PBXGroup;
			children = (
				D05F19A726DFEDFC00472631 /* bulletTrain.mp4 */,
				D05F19A826DFEDFD00472631 /* monkey.mp4 */,
				D05F19A926DFEDFD00472631 /* newYorkFlip.mp4 */,
				D05F19A626DFEDFC00472631 /* shark.mp4 */,
			);
			path = Videos;
			sourceTree = "<group>";
		};
		D05F19A526DFEDCA00472631 /* Clips */ = {
			isa = PBXGroup;
			children = (
				D05F19B026DFEE2100472631 /* bulletTrain-clip.mp4 */,
				D05F19B126DFEE2100472631 /* monkey-clip.mp4 */,
				D05F19AE26DFEE2000472631 /* newYorkFlip-clip.mp4 */,
				D05F19AF26DFEE2100472631 /* shark-clip.mp4 */,
			);
			path = Clips;
			sourceTree = "<group>";
		};
		D05F19B626DFEEDA00472631 /* Models */ = {
			isa = PBXGroup;
			children = (
				D0FAF73126DEC71D003520F6 /* VideoClip.swift */,
				D0FAF72026DEC294003520F6 /* Video.swift */,
			);
			path = Models;
			sourceTree = "<group>";
		};
		D05F19B726DFEF6600472631 /* Views */ = {
			isa = PBXGroup;
			children = (
				D05F19B826DFEF7600472631 /* VideoPlayers */,
				D0FAF71426DEC175003520F6 /* VideoFeedView.swift */,
				D0FAF72226DEC2DC003520F6 /* VideoRow.swift */,
				D0FAF72426DEC38B003520F6 /* ErrorView.swift */,
			);
			path = Views;
			sourceTree = "<group>";
		};
		D05F19B826DFEF7600472631 /* VideoPlayers */ = {
			isa = PBXGroup;
			children = (
				D0FAF73326DEC787003520F6 /* LoopingPlayerView.swift */,
			);
			path = VideoPlayers;
			sourceTree = "<group>";
		};
		D05F19BA26DFF03600472631 /* Utilities */ = {
			isa = PBXGroup;
			children = (
				D0FAF72626DEC403003520F6 /* ReadJson.swift */,
			);
			path = Utilities;
			sourceTree = "<group>";
		};
		D0FAF70626DEC175003520F6 = {
			isa = PBXGroup;
			children = (
				D0FAF71126DEC175003520F6 /* SwiftUI-VideoPlayer */,
				D0FAF71026DEC175003520F6 /* Products */,
			);
			sourceTree = "<group>";
		};
		D0FAF71026DEC175003520F6 /* Products */ = {
			isa = PBXGroup;
			children = (
				D0FAF70F26DEC175003520F6 /* SwiftUI-VideoPlayer.app */,
			);
			name = Products;
			sourceTree = "<group>";
		};
		D0FAF71126DEC175003520F6 /* SwiftUI-VideoPlayer */ = {
			isa = PBXGroup;
			children = (
				D0FAF71226DEC175003520F6 /* SwiftUI_VideoPlayerApp.swift */,
				D05F19B726DFEF6600472631 /* Views */,
				D05F19B626DFEEDA00472631 /* Models */,
				D0FAF72826DEC641003520F6 /* Resources */,
				D0FAF71626DEC178003520F6 /* Assets.xcassets */,
				D0FAF71826DEC178003520F6 /* Preview Content */,
				D05F19BA26DFF03600472631 /* Utilities */,
			);
			path = "SwiftUI-VideoPlayer";
			sourceTree = "<group>";
		};
		D0FAF71826DEC178003520F6 /* Preview Content */ = {
			isa = PBXGroup;
			children = (
				D0FAF71926DEC178003520F6 /* Preview Assets.xcassets */,
			);
			path = "Preview Content";
			sourceTree = "<group>";
		};
		D0FAF72826DEC641003520F6 /* Resources */ = {
			isa = PBXGroup;
			children = (
				D05F19A526DFEDCA00472631 /* Clips */,
				D05F19A426DFEDB900472631 /* Videos */,
				D0FAF72D26DEC6C4003520F6 /* LocalVideoClips.json */,
				D0FAF72C26DEC6C4003520F6 /* LocalVideos.json */,
				D0FAF72B26DEC6C3003520F6 /* RemoteVideos.json */,
			);
			path = Resources;
			sourceTree = "<group>";
		};
/* End PBXGroup section */

/* Begin PBXNativeTarget section */
		D0FAF70E26DEC175003520F6 /* SwiftUI-VideoPlayer */ = {
			isa = PBXNativeTarget;
			buildConfigurationList = D0FAF71D26DEC178003520F6 /* Build configuration list for PBXNativeTarget "SwiftUI-VideoPlayer" */;
			buildPhases = (
				D0FAF70B26DEC175003520F6 /* Sources */,
				D0FAF70C26DEC175003520F6 /* Frameworks */,
				D0FAF70D26DEC175003520F6 /* Resources */,
			);
			buildRules = (
			);
			dependencies = (
			);
			name = "SwiftUI-VideoPlayer";
			productName = "SwiftUI-VideoPlayer";
			productReference = D0FAF70F26DEC175003520F6 /* SwiftUI-VideoPlayer.app */;
			productType = "com.apple.product-type.application";
		};
/* End PBXNativeTarget section */

/* Begin PBXProject section */
		D0FAF70726DEC175003520F6 /* Project object */ = {
			isa = PBXProject;
			attributes = {
				BuildIndependentTargetsInParallel = 1;
				LastSwiftUpdateCheck = 1300;
				LastUpgradeCheck = 1300;
				TargetAttributes = {
					D0FAF70E26DEC175003520F6 = {
						CreatedOnToolsVersion = 13.0;
					};
				};
			};
			buildConfigurationList = D0FAF70A26DEC175003520F6 /* Build configuration list for PBXProject "SwiftUI-VideoPlayer" */;
			compatibilityVersion = "Xcode 13.0";
			developmentRegion = en;
			hasScannedForEncodings = 0;
			knownRegions = (
				en,
				Base,
			);
			mainGroup = D0FAF70626DEC175003520F6;
			productRefGroup = D0FAF71026DEC175003520F6 /* Products */;
			projectDirPath = "";
			projectRoot = "";
			targets = (
				D0FAF70E26DEC175003520F6 /* SwiftUI-VideoPlayer */,
			);
		};
/* End PBXProject section */

/* Begin PBXResourcesBuildPhase section */
		D0FAF70D26DEC175003520F6 /* Resources */ = {
			isa = PBXResourcesBuildPhase;
			buildActionMask = 2147483647;
			files = (
				D0FAF72F26DEC6C4003520F6 /* LocalVideos.json in Resources */,
				D05F19AB26DFEDFD00472631 /* bulletTrain.mp4 in Resources */,
				D05F19B426DFEE2100472631 /* bulletTrain-clip.mp4 in Resources */,
				D05F19B226DFEE2100472631 /* newYorkFlip-clip.mp4 in Resources */,
				D05F19AA26DFEDFD00472631 /* shark.mp4 in Resources */,
				D0FAF71A26DEC178003520F6 /* Preview Assets.xcassets in Resources */,
				D05F19AC26DFEDFD00472631 /* monkey.mp4 in Resources */,
				D05F19AD26DFEDFD00472631 /* newYorkFlip.mp4 in Resources */,
				D0FAF73026DEC6C4003520F6 /* LocalVideoClips.json in Resources */,
				D0FAF71726DEC178003520F6 /* Assets.xcassets in Resources */,
				D05F19B326DFEE2100472631 /* shark-clip.mp4 in Resources */,
				D05F19B526DFEE2100472631 /* monkey-clip.mp4 in Resources */,
				D0FAF72E26DEC6C4003520F6 /* RemoteVideos.json in Resources */,
			);
			runOnlyForDeploymentPostprocessing = 0;
		};
/* End PBXResourcesBuildPhase section */

/* Begin PBXSourcesBuildPhase section */
		D0FAF70B26DEC175003520F6 /* Sources */ = {
			isa = PBXSourcesBuildPhase;
			buildActionMask = 2147483647;
			files = (
				D0FAF72526DEC38C003520F6 /* ErrorView.swift in Sources */,
				D0FAF72326DEC2DC003520F6 /* VideoRow.swift in Sources */,
				D0FAF73426DEC787003520F6 /* LoopingPlayerView.swift in Sources */,
				D0FAF71526DEC175003520F6 /* VideoFeedView.swift in Sources */,
				D0FAF73226DEC71D003520F6 /* VideoClip.swift in Sources */,
				D0FAF72126DEC294003520F6 /* Video.swift in Sources */,
				D0FAF71326DEC175003520F6 /* SwiftUI_VideoPlayerApp.swift in Sources */,
				D0FAF72726DEC403003520F6 /* ReadJson.swift in Sources */,
			);
			runOnlyForDeploymentPostprocessing = 0;
		};
/* End PBXSourcesBuildPhase section */

/* Begin XCBuildConfiguration section */
		D0FAF71B26DEC178003520F6 /* Debug */ = {
			isa = XCBuildConfiguration;
			buildSettings = {
				ALWAYS_SEARCH_USER_PATHS = NO;
				CLANG_ANALYZER_NONNULL = YES;
				CLANG_ANALYZER_NUMBER_OBJECT_CONVERSION = YES_AGGRESSIVE;
				CLANG_CXX_LANGUAGE_STANDARD = "gnu++17";
				CLANG_CXX_LIBRARY = "libc++";
				CLANG_ENABLE_MODULES = YES;
				CLANG_ENABLE_OBJC_ARC = YES;
				CLANG_ENABLE_OBJC_WEAK = YES;
				CLANG_WARN_BLOCK_CAPTURE_AUTORELEASING = YES;
				CLANG_WARN_BOOL_CONVERSION = YES;
				CLANG_WARN_COMMA = YES;
				CLANG_WARN_CONSTANT_CONVERSION = YES;
				CLANG_WARN_DEPRECATED_OBJC_IMPLEMENTATIONS = YES;
				CLANG_WARN_DIRECT_OBJC_ISA_USAGE = YES_ERROR;
				CLANG_WARN_DOCUMENTATION_COMMENTS = YES;
				CLANG_WARN_EMPTY_BODY = YES;
				CLANG_WARN_ENUM_CONVERSION = YES;
				CLANG_WARN_INFINITE_RECURSION = YES;
				CLANG_WARN_INT_CONVERSION = YES;
				CLANG_WARN_NON_LITERAL_NULL_CONVERSION = YES;
				CLANG_WARN_OBJC_IMPLICIT_RETAIN_SELF = YES;
				CLANG_WARN_OBJC_LITERAL_CONVERSION = YES;
				CLANG_WARN_OBJC_ROOT_CLASS = YES_ERROR;
				CLANG_WARN_QUOTED_INCLUDE_IN_FRAMEWORK_HEADER = YES;
				CLANG_WARN_RANGE_LOOP_ANALYSIS = YES;
				CLANG_WARN_STRICT_PROTOTYPES = YES;
				CLANG_WARN_SUSPICIOUS_MOVE = YES;
				CLANG_WARN_UNGUARDED_AVAILABILITY = YES_AGGRESSIVE;
				CLANG_WARN_UNREACHABLE_CODE = YES;
				CLANG_WARN__DUPLICATE_METHOD_MATCH = YES;
				COPY_PHASE_STRIP = NO;
				DEBUG_INFORMATION_FORMAT = dwarf;
				ENABLE_STRICT_OBJC_MSGSEND = YES;
				ENABLE_TESTABILITY = YES;
				GCC_C_LANGUAGE_STANDARD = gnu11;
				GCC_DYNAMIC_NO_PIC = NO;
				GCC_NO_COMMON_BLOCKS = YES;
				GCC_OPTIMIZATION_LEVEL = 0;
				GCC_PREPROCESSOR_DEFINITIONS = (
					"DEBUG=1",
					"$(inherited)",
				);
				GCC_WARN_64_TO_32_BIT_CONVERSION = YES;
				GCC_WARN_ABOUT_RETURN_TYPE = YES_ERROR;
				GCC_WARN_UNDECLARED_SELECTOR = YES;
				GCC_WARN_UNINITIALIZED_AUTOS = YES_AGGRESSIVE;
				GCC_WARN_UNUSED_FUNCTION = YES;
				GCC_WARN_UNUSED_VARIABLE = YES;
				IPHONEOS_DEPLOYMENT_TARGET = 15.0;
				MTL_ENABLE_DEBUG_INFO = INCLUDE_SOURCE;
				MTL_FAST_MATH = YES;
				ONLY_ACTIVE_ARCH = YES;
				SDKROOT = iphoneos;
				SWIFT_ACTIVE_COMPILATION_CONDITIONS = DEBUG;
				SWIFT_OPTIMIZATION_LEVEL = "-Onone";
			};
			name = Debug;
		};
		D0FAF71C26DEC178003520F6 /* Release */ = {
			isa = XCBuildConfiguration;
			buildSettings = {
				ALWAYS_SEARCH_USER_PATHS = NO;
				CLANG_ANALYZER_NONNULL = YES;
				CLANG_ANALYZER_NUMBER_OBJECT_CONVERSION = YES_AGGRESSIVE;
				CLANG_CXX_LANGUAGE_STANDARD = "gnu++17";
				CLANG_CXX_LIBRARY = "libc++";
				CLANG_ENABLE_MODULES = YES;
				CLANG_ENABLE_OBJC_ARC = YES;
				CLANG_ENABLE_OBJC_WEAK = YES;
				CLANG_WARN_BLOCK_CAPTURE_AUTORELEASING = YES;
				CLANG_WARN_BOOL_CONVERSION = YES;
				CLANG_WARN_COMMA = YES;
				CLANG_WARN_CONSTANT_CONVERSION = YES;
				CLANG_WARN_DEPRECATED_OBJC_IMPLEMENTATIONS = YES;
				CLANG_WARN_DIRECT_OBJC_ISA_USAGE = YES_ERROR;
				CLANG_WARN_DOCUMENTATION_COMMENTS = YES;
				CLANG_WARN_EMPTY_BODY = YES;
				CLANG_WARN_ENUM_CONVERSION = YES;
				CLANG_WARN_INFINITE_RECURSION = YES;
				CLANG_WARN_INT_CONVERSION = YES;
				CLANG_WARN_NON_LITERAL_NULL_CONVERSION = YES;
				CLANG_WARN_OBJC_IMPLICIT_RETAIN_SELF = YES;
				CLANG_WARN_OBJC_LITERAL_CONVERSION = YES;
				CLANG_WARN_OBJC_ROOT_CLASS = YES_ERROR;
				CLANG_WARN_QUOTED_INCLUDE_IN_FRAMEWORK_HEADER = YES;
				CLANG_WARN_RANGE_LOOP_ANALYSIS = YES;
				CLANG_WARN_STRICT_PROTOTYPES = YES;
				CLANG_WARN_SUSPICIOUS_MOVE = YES;
				CLANG_WARN_UNGUARDED_AVAILABILITY = YES_AGGRESSIVE;
				CLANG_WARN_UNREACHABLE_CODE = YES;
				CLANG_WARN__DUPLICATE_METHOD_MATCH = YES;
				COPY_PHASE_STRIP = NO;
				DEBUG_INFORMATION_FORMAT = "dwarf-with-dsym";
				ENABLE_NS_ASSERTIONS = NO;
				ENABLE_STRICT_OBJC_MSGSEND = YES;
				GCC_C_LANGUAGE_STANDARD = gnu11;
				GCC_NO_COMMON_BLOCKS = YES;
				GCC_WARN_64_TO_32_BIT_CONVERSION = YES;
				GCC_WARN_ABOUT_RETURN_TYPE = YES_ERROR;
				GCC_WARN_UNDECLARED_SELECTOR = YES;
				GCC_WARN_UNINITIALIZED_AUTOS = YES_AGGRESSIVE;
				GCC_WARN_UNUSED_FUNCTION = YES;
				GCC_WARN_UNUSED_VARIABLE = YES;
				IPHONEOS_DEPLOYMENT_TARGET = 15.0;
				MTL_ENABLE_DEBUG_INFO = NO;
				MTL_FAST_MATH = YES;
				SDKROOT = iphoneos;
				SWIFT_COMPILATION_MODE = wholemodule;
				SWIFT_OPTIMIZATION_LEVEL = "-O";
				VALIDATE_PRODUCT = YES;
			};
			name = Release;
		};
		D0FAF71E26DEC178003520F6 /* Debug */ = {
			isa = XCBuildConfiguration;
			buildSettings = {
				ASSETCATALOG_COMPILER_APPICON_NAME = AppIcon;
				ASSETCATALOG_COMPILER_GLOBAL_ACCENT_COLOR_NAME = AccentColor;
				CODE_SIGN_STYLE = Automatic;
				CURRENT_PROJECT_VERSION = 1;
				DEVELOPMENT_ASSET_PATHS = "\"SwiftUI-VideoPlayer/Preview Content\"";
				DEVELOPMENT_TEAM = UB2HCX38P3;
				ENABLE_PREVIEWS = YES;
				GENERATE_INFOPLIST_FILE = YES;
				INFOPLIST_KEY_UIApplicationSceneManifest_Generation = YES;
				INFOPLIST_KEY_UIApplicationSupportsIndirectInputEvents = YES;
				INFOPLIST_KEY_UILaunchScreen_Generation = YES;
				INFOPLIST_KEY_UISupportedInterfaceOrientations_iPad = "UIInterfaceOrientationPortrait UIInterfaceOrientationPortraitUpsideDown UIInterfaceOrientationLandscapeLeft UIInterfaceOrientationLandscapeRight";
				INFOPLIST_KEY_UISupportedInterfaceOrientations_iPhone = "UIInterfaceOrientationPortrait UIInterfaceOrientationLandscapeLeft UIInterfaceOrientationLandscapeRight";
				IPHONEOS_DEPLOYMENT_TARGET = 14.0;
				LD_RUNPATH_SEARCH_PATHS = (
					"$(inherited)",
					"@executable_path/Frameworks",
				);
				MARKETING_VERSION = 1.0;
				PRODUCT_BUNDLE_IDENTIFIER = "com.LukaszDziwosz.SwiftUI-VideoPlayer";
				PRODUCT_NAME = "$(TARGET_NAME)";
				SWIFT_EMIT_LOC_STRINGS = YES;
				SWIFT_VERSION = 5.0;
				TARGETED_DEVICE_FAMILY = "1,2";
			};
			name = Debug;
		};
		D0FAF71F26DEC178003520F6 /* Release */ = {
			isa = XCBuildConfiguration;
			buildSettings = {
				ASSETCATALOG_COMPILER_APPICON_NAME = AppIcon;
				ASSETCATALOG_COMPILER_GLOBAL_ACCENT_COLOR_NAME = AccentColor;
				CODE_SIGN_STYLE = Automatic;
				CURRENT_PROJECT_VERSION = 1;
				DEVELOPMENT_ASSET_PATHS = "\"SwiftUI-VideoPlayer/Preview Content\"";
				DEVELOPMENT_TEAM = UB2HCX38P3;
				ENABLE_PREVIEWS = YES;
				GENERATE_INFOPLIST_FILE = YES;
				INFOPLIST_KEY_UIApplicationSceneManifest_Generation = YES;
				INFOPLIST_KEY_UIApplicationSupportsIndirectInputEvents = YES;
				INFOPLIST_KEY_UILaunchScreen_Generation = YES;
				INFOPLIST_KEY_UISupportedInterfaceOrientations_iPad = "UIInterfaceOrientationPortrait UIInterfaceOrientationPortraitUpsideDown UIInterfaceOrientationLandscapeLeft UIInterfaceOrientationLandscapeRight";
				INFOPLIST_KEY_UISupportedInterfaceOrientations_iPhone = "UIInterfaceOrientationPortrait UIInterfaceOrientationLandscapeLeft UIInterfaceOrientationLandscapeRight";
				IPHONEOS_DEPLOYMENT_TARGET = 14.0;
				LD_RUNPATH_SEARCH_PATHS = (
					"$(inherited)",
					"@executable_path/Frameworks",
				);
				MARKETING_VERSION = 1.0;
				PRODUCT_BUNDLE_IDENTIFIER = "com.LukaszDziwosz.SwiftUI-VideoPlayer";
				PRODUCT_NAME = "$(TARGET_NAME)";
				SWIFT_EMIT_LOC_STRINGS = YES;
				SWIFT_VERSION = 5.0;
				TARGETED_DEVICE_FAMILY = "1,2";
			};
			name = Release;
		};
/* End XCBuildConfiguration section */

/* Begin XCConfigurationList section */
		D0FAF70A26DEC175003520F6 /* Build configuration list for PBXProject "SwiftUI-VideoPlayer" */ = {
			isa = XCConfigurationList;
			buildConfigurations = (
				D0FAF71B26DEC178003520F6 /* Debug */,
				D0FAF71C26DEC178003520F6 /* Release */,
			);
			defaultConfigurationIsVisible = 0;
			defaultConfigurationName = Release;
		};
		D0FAF71D26DEC178003520F6 /* Build configuration list for PBXNativeTarget "SwiftUI-VideoPlayer" */ = {
			isa = XCConfigurationList;
			buildConfigurations = (
				D0FAF71E26DEC178003520F6 /* Debug */,
				D0FAF71F26DEC178003520F6 /* Release */,
			);
			defaultConfigurationIsVisible = 0;
			defaultConfigurationName = Release;
		};
/* End XCConfigurationList section */
	};
	rootObject = D0FAF70726DEC175003520F6 /* Project object */;
}
